
Microsoft Visual Studio Solution File, Format Version 12.00
# Visual Studio Version 17
VisualStudioVersion = 17.3.32825.248
MinimumVisualStudioVersion = 10.0.40219.1
Project("{9A19103F-16F7-4668-BE54-9A1E7A4F7556}") = "CalculatorEX", "CalculatorEX\CalculatorEX.csproj", "{2CE26225-D4FF-4479-8D13-CE67FBA14E09}"
EndProject
Project("{FAE04EC0-301F-11D3-BF4B-00C04F79EFBC}") = "CalculatorTests", "CalculatorTests\CalculatorTests.csproj", "{E18D32DE-1463-4D9D-9589-02FDA4A83001}"
EndProject
Global
	GlobalSection(SolutionConfigurationPlatforms) = preSolution
		Debug|Any CPU = Debug|Any CPU
		Release|Any CPU = Release|Any CPU
	EndGlobalSection
	GlobalSection(ProjectConfigurationPlatforms) = postSolution
		{2CE26225-D4FF-4479-8D13-CE67FBA14E09}.Debug|Any CPU.ActiveCfg = Debug|Any CPU
		{2CE26225-D4FF-4479-8D13-CE67FBA14E09}.Debug|Any CPU.Build.0 = Debug|Any CPU
		{2CE26225-D4FF-4479-8D13-CE67FBA14E09}.Release|Any CPU.ActiveCfg = Release|Any CPU
		{2CE26225-D4FF-4479-8D13-CE67FBA14E09}.Release|Any CPU.Build.0 = Release|Any CPU
		{E18D32DE-1463-4D9D-9589-02FDA4A83001}.Debug|Any CPU.ActiveCfg = Debug|Any CPU
		{E18D32DE-1463-4D9D-9589-02FDA4A83001}.Debug|Any CPU.Build.0 = Debug|Any CPU
		{E18D32DE-1463-4D9D-9589-02FDA4A83001}.Release|Any CPU.ActiveCfg = Release|Any CPU
		{E18D32DE-1463-4D9D-9589-02FDA4A83001}.Release|Any CPU.Build.0 = Release|Any CPU
	EndGlobalSection
	GlobalSection(SolutionProperties) = preSolution
		HideSolutionNode = FALSE
	EndGlobalSection
	GlobalSection(ExtensibilityGlobals) = postSolution
		SolutionGuid = {54C20502-2039-4475-8A98-D3A80EDAD7E5}
	EndGlobalSection
EndGlobal
